
Microsoft Visual Studio Solution File, Format Version 12.00
# Visual Studio Version 17
VisualStudioVersion = 17.4.33213.308
MinimumVisualStudioVersion = 10.0.40219.1
Project("{FAE04EC0-301F-11D3-BF4B-00C04F79EFBC}") = "Poligon2026B", "Poligon2026B\Poligon2026B.csproj", "{38977ABE-8DD8-4F3A-8F01-9AA723AA887D}"
EndProject
Project("{2150E333-8FDC-42A3-9474-1A3956D46DE8}") = "Solution Items", "Solution Items", "{467CFC5B-381E-40F6-8F55-CADE338E08B9}"
EndProject
Global
	GlobalSection(SolutionConfigurationPlatforms) = preSolution
		Debug|Any CPU = Debug|Any CPU
		Release|Any CPU = Release|Any CPU
	EndGlobalSection
	GlobalSection(ProjectConfigurationPlatforms) = postSolution
		{38977ABE-8DD8-4F3A-8F01-9AA723AA887D}.Debug|Any CPU.ActiveCfg = Debug|Any CPU
		{38977ABE-8DD8-4F3A-8F01-9AA723AA887D}.Debug|Any CPU.Build.0 = Debug|Any CPU
		{38977ABE-8DD8-4F3A-8F01-9AA723AA887D}.Release|Any CPU.ActiveCfg = Release|Any CPU
		{38977ABE-8DD8-4F3A-8F01-9AA723AA887D}.Release|Any CPU.Build.0 = Release|Any CPU
	EndGlobalSection
	GlobalSection(SolutionProperties) = preSolution
		HideSolutionNode = FALSE
	EndGlobalSection
	GlobalSection(ExtensibilityGlobals) = postSolution
		SolutionGuid = {9A6519F8-7B84-4214-80C0-9D6C57ACCA13}
	EndGlobalSection
EndGlobal
